// !$*UTF8*$!
{
	archiveVersion = 1;
	classes = {
	};
	objectVersion = 50;
	objects = {

/* Begin PBXBuildFile section */
		0D16F50A2482D57100F9445A /* simpleBeep2.wav in Resources */ = {isa = PBXBuildFile; fileRef = 0D16F5092482D57100F9445A /* simpleBeep2.wav */; };
		0D3340F9247D928B00CB7469 /* there_done.wav in Resources */ = {isa = PBXBuildFile; fileRef = 0D3340F7247D928A00CB7469 /* there_done.wav */; };
		0D3340FA247D928B00CB7469 /* yip_peek.wav in Resources */ = {isa = PBXBuildFile; fileRef = 0D3340F8247D928A00CB7469 /* yip_peek.wav */; };
		0D3340FC247D962800CB7469 /* simpleBeep.wav in Resources */ = {isa = PBXBuildFile; fileRef = 0D3340FB247D962800CB7469 /* simpleBeep.wav */; };
		0DC5DDF52474CD21002F8696 /* AppDelegate.swift in Sources */ = {isa = PBXBuildFile; fileRef = 0DC5DDF42474CD21002F8696 /* AppDelegate.swift */; };
		0DC5DDF72474CD21002F8696 /* SceneDelegate.swift in Sources */ = {isa = PBXBuildFile; fileRef = 0DC5DDF62474CD21002F8696 /* SceneDelegate.swift */; };
		0DC5DDF92474CD21002F8696 /* MainViewController.swift in Sources */ = {isa = PBXBuildFile; fileRef = 0DC5DDF82474CD21002F8696 /* MainViewController.swift */; };
		0DC5DDFC2474CD21002F8696 /* Main.storyboard in Resources */ = {isa = PBXBuildFile; fileRef = 0DC5DDFA2474CD21002F8696 /* Main.storyboard */; };
		0DC5DDFE2474CD22002F8696 /* Assets.xcassets in Resources */ = {isa = PBXBuildFile; fileRef = 0DC5DDFD2474CD22002F8696 /* Assets.xcassets */; };
		0DC5DE012474CD22002F8696 /* LaunchScreen.storyboard in Resources */ = {isa = PBXBuildFile; fileRef = 0DC5DDFF2474CD22002F8696 /* LaunchScreen.storyboard */; };
		0DC5DE0A2474CDA0002F8696 /* CoreBluetooth.framework in Frameworks */ = {isa = PBXBuildFile; fileRef = 0DC5DE092474CDA0002F8696 /* CoreBluetooth.framework */; };
		0DC5DE0C2474CDE6002F8696 /* ScanTableViewController.swift in Sources */ = {isa = PBXBuildFile; fileRef = 0DC5DE0B2474CDE6002F8696 /* ScanTableViewController.swift */; };
		0DC6DFE4249048F3001BF092 /* EurostileExtended.ttf in Resources */ = {isa = PBXBuildFile; fileRef = 0DC6DFE3249048F3001BF092 /* EurostileExtended.ttf */; };
		0DCDCCA024BD1EA70061FB05 /* View+Borders.swift in Sources */ = {isa = PBXBuildFile; fileRef = 0DCDCC9F24BD1EA70061FB05 /* View+Borders.swift */; };
		0DDFD4962485B4BC00468D12 /* Handel Gothic Regular.ttf in Resources */ = {isa = PBXBuildFile; fileRef = 0DDFD4952485B4BC00468D12 /* Handel Gothic Regular.ttf */; };
/* End PBXBuildFile section */

/* Begin PBXFileReference section */
		0D16F5092482D57100F9445A /* simpleBeep2.wav */ = {isa = PBXFileReference; lastKnownFileType = audio.wav; path = simpleBeep2.wav; sourceTree = "<group>"; };
		0D3340F7247D928A00CB7469 /* there_done.wav */ = {isa = PBXFileReference; lastKnownFileType = audio.wav; path = there_done.wav; sourceTree = "<group>"; };
		0D3340F8247D928A00CB7469 /* yip_peek.wav */ = {isa = PBXFileReference; lastKnownFileType = audio.wav; path = yip_peek.wav; sourceTree = "<group>"; };
		0D3340FB247D962800CB7469 /* simpleBeep.wav */ = {isa = PBXFileReference; lastKnownFileType = audio.wav; path = simpleBeep.wav; sourceTree = "<group>"; };
		0DC5DDF12474CD21002F8696 /* M-O BLE.app */ = {isa = PBXFileReference; explicitFileType = wrapper.application; includeInIndex = 0; path = "M-O BLE.app"; sourceTree = BUILT_PRODUCTS_DIR; };
		0DC5DDF42474CD21002F8696 /* AppDelegate.swift */ = {isa = PBXFileReference; lastKnownFileType = sourcecode.swift; path = AppDelegate.swift; sourceTree = "<group>"; };
		0DC5DDF62474CD21002F8696 /* SceneDelegate.swift */ = {isa = PBXFileReference; lastKnownFileType = sourcecode.swift; path = SceneDelegate.swift; sourceTree = "<group>"; };
		0DC5DDF82474CD21002F8696 /* MainViewController.swift */ = {isa = PBXFileReference; lastKnownFileType = sourcecode.swift; path = MainViewController.swift; sourceTree = "<group>"; };
		0DC5DDFB2474CD21002F8696 /* Base */ = {isa = PBXFileReference; lastKnownFileType = file.storyboard; name = Base; path = Base.lproj/Main.storyboard; sourceTree = "<group>"; };
		0DC5DDFD2474CD22002F8696 /* Assets.xcassets */ = {isa = PBXFileReference; lastKnownFileType = folder.assetcatalog; path = Assets.xcassets; sourceTree = "<group>"; };
		0DC5DE002474CD22002F8696 /* Base */ = {isa = PBXFileReference; lastKnownFileType = file.storyboard; name = Base; path = Base.lproj/LaunchScreen.storyboard; sourceTree = "<group>"; };
		0DC5DE022474CD22002F8696 /* Info.plist */ = {isa = PBXFileReference; lastKnownFileType = text.plist.xml; path = Info.plist; sourceTree = "<group>"; };
		0DC5DE092474CDA0002F8696 /* CoreBluetooth.framework */ = {isa = PBXFileReference; lastKnownFileType = wrapper.framework; name = CoreBluetooth.framework; path = System/Library/Frameworks/CoreBluetooth.framework; sourceTree = SDKROOT; };
		0DC5DE0B2474CDE6002F8696 /* ScanTableViewController.swift */ = {isa = PBXFileReference; lastKnownFileType = sourcecode.swift; path = ScanTableViewController.swift; sourceTree = "<group>"; };
		0DC6DFE3249048F3001BF092 /* EurostileExtended.ttf */ = {isa = PBXFileReference; lastKnownFileType = file; path = EurostileExtended.ttf; sourceTree = "<group>"; };
		0DCDCC9F24BD1EA70061FB05 /* View+Borders.swift */ = {isa = PBXFileReference; lastKnownFileType = sourcecode.swift; path = "View+Borders.swift"; sourceTree = "<group>"; };
		0DDFD4952485B4BC00468D12 /* Handel Gothic Regular.ttf */ = {isa = PBXFileReference; lastKnownFileType = file; path = "Handel Gothic Regular.ttf"; sourceTree = "<group>"; };
/* End PBXFileReference section */

/* Begin PBXFrameworksBuildPhase section */
		0DC5DDEE2474CD21002F8696 /* Frameworks */ = {
			isa = PBXFrameworksBuildPhase;
			buildActionMask = 2147483647;
			files = (
				0DC5DE0A2474CDA0002F8696 /* CoreBluetooth.framework in Frameworks */,
			);
			runOnlyForDeploymentPostprocessing = 0;
		};
/* End PBXFrameworksBuildPhase section */

/* Begin PBXGroup section */
		0D3340F6247D925400CB7469 /* Sounds */ = {
			isa = PBXGroup;
			children = (
				0D3340FB247D962800CB7469 /* simpleBeep.wav */,
				0D16F5092482D57100F9445A /* simpleBeep2.wav */,
				0D3340F7247D928A00CB7469 /* there_done.wav */,
				0D3340F8247D928A00CB7469 /* yip_peek.wav */,
			);
			path = Sounds;
			sourceTree = "<group>";
		};
		0DC5DDE82474CD21002F8696 = {
			isa = PBXGroup;
			children = (
				0DC5DDF32474CD21002F8696 /* M-O BLE */,
				0DC5DDF22474CD21002F8696 /* Products */,
				0DC5DE082474CD9F002F8696 /* Frameworks */,
			);
			sourceTree = "<group>";
		};
		0DC5DDF22474CD21002F8696 /* Products */ = {
			isa = PBXGroup;
			children = (
				0DC5DDF12474CD21002F8696 /* M-O BLE.app */,
			);
			name = Products;
			sourceTree = "<group>";
		};
		0DC5DDF32474CD21002F8696 /* M-O BLE */ = {
			isa = PBXGroup;
			children = (
				0DC5DDF42474CD21002F8696 /* AppDelegate.swift */,
				0DC5DDF62474CD21002F8696 /* SceneDelegate.swift */,
				0DC5DDF82474CD21002F8696 /* MainViewController.swift */,
				0DC5DE0B2474CDE6002F8696 /* ScanTableViewController.swift */,
				0DC5DDFA2474CD21002F8696 /* Main.storyboard */,
				0DCDCC9F24BD1EA70061FB05 /* View+Borders.swift */,
				0DC5DDFD2474CD22002F8696 /* Assets.xcassets */,
				0D3340F6247D925400CB7469 /* Sounds */,
				0DDFD4942485B48900468D12 /* Fonts */,
				0DC5DDFF2474CD22002F8696 /* LaunchScreen.storyboard */,
				0DC5DE022474CD22002F8696 /* Info.plist */,
			);
			path = "M-O BLE";
			sourceTree = "<group>";
		};
		0DC5DE082474CD9F002F8696 /* Frameworks */ = {
			isa = PBXGroup;
			children = (
				0DC5DE092474CDA0002F8696 /* CoreBluetooth.framework */,
			);
			name = Frameworks;
			sourceTree = "<group>";
		};
		0DDFD4942485B48900468D12 /* Fonts */ = {
			isa = PBXGroup;
			children = (
				0DC6DFE3249048F3001BF092 /* EurostileExtended.ttf */,
				0DDFD4952485B4BC00468D12 /* Handel Gothic Regular.ttf */,
			);
			path = Fonts;
			sourceTree = "<group>";
		};
/* End PBXGroup section */

/* Begin PBXNativeTarget section */
		0DC5DDF02474CD21002F8696 /* M-O BLE */ = {
			isa = PBXNativeTarget;
			buildConfigurationList = 0DC5DE052474CD22002F8696 /* Build configuration list for PBXNativeTarget "M-O BLE" */;
			buildPhases = (
				0DC5DDED2474CD21002F8696 /* Sources */,
				0DC5DDEE2474CD21002F8696 /* Frameworks */,
				0DC5DDEF2474CD21002F8696 /* Resources */,
			);
			buildRules = (
			);
			dependencies = (
			);
			name = "M-O BLE";
			productName = "M-O BLE";
			productReference = 0DC5DDF12474CD21002F8696 /* M-O BLE.app */;
			productType = "com.apple.product-type.application";
		};
/* End PBXNativeTarget section */

/* Begin PBXProject section */
		0DC5DDE92474CD21002F8696 /* Project object */ = {
			isa = PBXProject;
			attributes = {
				LastSwiftUpdateCheck = 1130;
				LastUpgradeCheck = 1130;
				ORGANIZATIONNAME = "Patrick Wheeler";
				TargetAttributes = {
					0DC5DDF02474CD21002F8696 = {
						CreatedOnToolsVersion = 11.3.1;
					};
				};
			};
			buildConfigurationList = 0DC5DDEC2474CD21002F8696 /* Build configuration list for PBXProject "M-O BLE" */;
			compatibilityVersion = "Xcode 9.3";
			developmentRegion = en;
			hasScannedForEncodings = 0;
			knownRegions = (
				en,
				Base,
			);
			mainGroup = 0DC5DDE82474CD21002F8696;
			productRefGroup = 0DC5DDF22474CD21002F8696 /* Products */;
			projectDirPath = "";
			projectRoot = "";
			targets = (
				0DC5DDF02474CD21002F8696 /* M-O BLE */,
			);
		};
/* End PBXProject section */

/* Begin PBXResourcesBuildPhase section */
		0DC5DDEF2474CD21002F8696 /* Resources */ = {
			isa = PBXResourcesBuildPhase;
			buildActionMask = 2147483647;
			files = (
				0D3340FC247D962800CB7469 /* simpleBeep.wav in Resources */,
				0DDFD4962485B4BC00468D12 /* Handel Gothic Regular.ttf in Resources */,
				0D16F50A2482D57100F9445A /* simpleBeep2.wav in Resources */,
				0DC5DE012474CD22002F8696 /* LaunchScreen.storyboard in Resources */,
				0DC6DFE4249048F3001BF092 /* EurostileExtended.ttf in Resources */,
				0DC5DDFE2474CD22002F8696 /* Assets.xcassets in Resources */,
				0D3340FA247D928B00CB7469 /* yip_peek.wav in Resources */,
				0DC5DDFC2474CD21002F8696 /* Main.storyboard in Resources */,
				0D3340F9247D928B00CB7469 /* there_done.wav in Resources */,
			);
			runOnlyForDeploymentPostprocessing = 0;
		};
/* End PBXResourcesBuildPhase section */

/* Begin PBXSourcesBuildPhase section */
		0DC5DDED2474CD21002F8696 /* Sources */ = {
			isa = PBXSourcesBuildPhase;
			buildActionMask = 2147483647;
			files = (
				0DC5DE0C2474CDE6002F8696 /* ScanTableViewController.swift in Sources */,
				0DCDCCA024BD1EA70061FB05 /* View+Borders.swift in Sources */,
				0DC5DDF92474CD21002F8696 /* MainViewController.swift in Sources */,
				0DC5DDF52474CD21002F8696 /* AppDelegate.swift in Sources */,
				0DC5DDF72474CD21002F8696 /* SceneDelegate.swift in Sources */,
			);
			runOnlyForDeploymentPostprocessing = 0;
		};
/* End PBXSourcesBuildPhase section */

/* Begin PBXVariantGroup section */
		0DC5DDFA2474CD21002F8696 /* Main.storyboard */ = {
			isa = PBXVariantGroup;
			children = (
				0DC5DDFB2474CD21002F8696 /* Base */,
			);
			name = Main.storyboard;
			sourceTree = "<group>";
		};
		0DC5DDFF2474CD22002F8696 /* LaunchScreen.storyboard */ = {
			isa = PBXVariantGroup;
			children = (
				0DC5DE002474CD22002F8696 /* Base */,
			);
			name = LaunchScreen.storyboard;
			sourceTree = "<group>";
		};
/* End PBXVariantGroup section */

/* Begin XCBuildConfiguration section */
		0DC5DE032474CD22002F8696 /* Debug */ = {
			isa = XCBuildConfiguration;
			buildSettings = {
				ALWAYS_SEARCH_USER_PATHS = NO;
				CLANG_ANALYZER_NONNULL = YES;
				CLANG_ANALYZER_NUMBER_OBJECT_CONVERSION = YES_AGGRESSIVE;
				CLANG_CXX_LANGUAGE_STANDARD = "gnu++14";
				CLANG_CXX_LIBRARY = "libc++";
				CLANG_ENABLE_MODULES = YES;
				CLANG_ENABLE_OBJC_ARC = YES;
				CLANG_ENABLE_OBJC_WEAK = YES;
				CLANG_WARN_BLOCK_CAPTURE_AUTORELEASING = YES;
				CLANG_WARN_BOOL_CONVERSION = YES;
				CLANG_WARN_COMMA = YES;
				CLANG_WARN_CONSTANT_CONVERSION = YES;
				CLANG_WARN_DEPRECATED_OBJC_IMPLEMENTATIONS = YES;
				CLANG_WARN_DIRECT_OBJC_ISA_USAGE = YES_ERROR;
				CLANG_WARN_DOCUMENTATION_COMMENTS = YES;
				CLANG_WARN_EMPTY_BODY = YES;
				CLANG_WARN_ENUM_CONVERSION = YES;
				CLANG_WARN_INFINITE_RECURSION = YES;
				CLANG_WARN_INT_CONVERSION = YES;
				CLANG_WARN_NON_LITERAL_NULL_CONVERSION = YES;
				CLANG_WARN_OBJC_IMPLICIT_RETAIN_SELF = YES;
				CLANG_WARN_OBJC_LITERAL_CONVERSION = YES;
				CLANG_WARN_OBJC_ROOT_CLASS = YES_ERROR;
				CLANG_WARN_RANGE_LOOP_ANALYSIS = YES;
				CLANG_WARN_STRICT_PROTOTYPES = YES;
				CLANG_WARN_SUSPICIOUS_MOVE = YES;
				CLANG_WARN_UNGUARDED_AVAILABILITY = YES_AGGRESSIVE;
				CLANG_WARN_UNREACHABLE_CODE = YES;
				CLANG_WARN__DUPLICATE_METHOD_MATCH = YES;
				COPY_PHASE_STRIP = NO;
				DEBUG_INFORMATION_FORMAT = dwarf;
				ENABLE_STRICT_OBJC_MSGSEND = YES;
				ENABLE_TESTABILITY = YES;
				GCC_C_LANGUAGE_STANDARD = gnu11;
				GCC_DYNAMIC_NO_PIC = NO;
				GCC_NO_COMMON_BLOCKS = YES;
				GCC_OPTIMIZATION_LEVEL = 0;
				GCC_PREPROCESSOR_DEFINITIONS = (
					"DEBUG=1",
					"$(inherited)",
				);
				GCC_WARN_64_TO_32_BIT_CONVERSION = YES;
				GCC_WARN_ABOUT_RETURN_TYPE = YES_ERROR;
				GCC_WARN_UNDECLARED_SELECTOR = YES;
				GCC_WARN_UNINITIALIZED_AUTOS = YES_AGGRESSIVE;
				GCC_WARN_UNUSED_FUNCTION = YES;
				GCC_WARN_UNUSED_VARIABLE = YES;
				IPHONEOS_DEPLOYMENT_TARGET = 12.4;
				MTL_ENABLE_DEBUG_INFO = INCLUDE_SOURCE;
				MTL_FAST_MATH = YES;
				ONLY_ACTIVE_ARCH = YES;
				SDKROOT = iphoneos;
				SWIFT_ACTIVE_COMPILATION_CONDITIONS = DEBUG;
				SWIFT_OPTIMIZATION_LEVEL = "-Onone";
			};
			name = Debug;
		};
		0DC5DE042474CD22002F8696 /* Release */ = {
			isa = XCBuildConfiguration;
			buildSettings = {
				ALWAYS_SEARCH_USER_PATHS = NO;
				CLANG_ANALYZER_NONNULL = YES;
				CLANG_ANALYZER_NUMBER_OBJECT_CONVERSION = YES_AGGRESSIVE;
				CLANG_CXX_LANGUAGE_STANDARD = "gnu++14";
				CLANG_CXX_LIBRARY = "libc++";
				CLANG_ENABLE_MODULES = YES;
				CLANG_ENABLE_OBJC_ARC = YES;
				CLANG_ENABLE_OBJC_WEAK = YES;
				CLANG_WARN_BLOCK_CAPTURE_AUTORELEASING = YES;
				CLANG_WARN_BOOL_CONVERSION = YES;
				CLANG_WARN_COMMA = YES;
				CLANG_WARN_CONSTANT_CONVERSION = YES;
				CLANG_WARN_DEPRECATED_OBJC_IMPLEMENTATIONS = YES;
				CLANG_WARN_DIRECT_OBJC_ISA_USAGE = YES_ERROR;
				CLANG_WARN_DOCUMENTATION_COMMENTS = YES;
				CLANG_WARN_EMPTY_BODY = YES;
				CLANG_WARN_ENUM_CONVERSION = YES;
				CLANG_WARN_INFINITE_RECURSION = YES;
				CLANG_WARN_INT_CONVERSION = YES;
				CLANG_WARN_NON_LITERAL_NULL_CONVERSION = YES;
				CLANG_WARN_OBJC_IMPLICIT_RETAIN_SELF = YES;
				CLANG_WARN_OBJC_LITERAL_CONVERSION = YES;
				CLANG_WARN_OBJC_ROOT_CLASS = YES_ERROR;
				CLANG_WARN_RANGE_LOOP_ANALYSIS = YES;
				CLANG_WARN_STRICT_PROTOTYPES = YES;
				CLANG_WARN_SUSPICIOUS_MOVE = YES;
				CLANG_WARN_UNGUARDED_AVAILABILITY = YES_AGGRESSIVE;
				CLANG_WARN_UNREACHABLE_CODE = YES;
				CLANG_WARN__DUPLICATE_METHOD_MATCH = YES;
				COPY_PHASE_STRIP = NO;
				DEBUG_INFORMATION_FORMAT = "dwarf-with-dsym";
				ENABLE_NS_ASSERTIONS = NO;
				ENABLE_STRICT_OBJC_MSGSEND = YES;
				GCC_C_LANGUAGE_STANDARD = gnu11;
				GCC_NO_COMMON_BLOCKS = YES;
				GCC_WARN_64_TO_32_BIT_CONVERSION = YES;
				GCC_WARN_ABOUT_RETURN_TYPE = YES_ERROR;
				GCC_WARN_UNDECLARED_SELECTOR = YES;
				GCC_WARN_UNINITIALIZED_AUTOS = YES_AGGRESSIVE;
				GCC_WARN_UNUSED_FUNCTION = YES;
				GCC_WARN_UNUSED_VARIABLE = YES;
				IPHONEOS_DEPLOYMENT_TARGET = 12.4;
				MTL_ENABLE_DEBUG_INFO = NO;
				MTL_FAST_MATH = YES;
				SDKROOT = iphoneos;
				SWIFT_COMPILATION_MODE = wholemodule;
				SWIFT_OPTIMIZATION_LEVEL = "-O";
				VALIDATE_PRODUCT = YES;
			};
			name = Release;
		};
		0DC5DE062474CD22002F8696 /* Debug */ = {
			isa = XCBuildConfiguration;
			buildSettings = {
				ASSETCATALOG_COMPILER_APPICON_NAME = AppIcon;
				CODE_SIGN_STYLE = Automatic;
				DEVELOPMENT_TEAM = ZZP6JRWYG4;
				INFOPLIST_FILE = "M-O BLE/Info.plist";
				LD_RUNPATH_SEARCH_PATHS = (
					"$(inherited)",
					"@executable_path/Frameworks",
				);
				PRODUCT_BUNDLE_IDENTIFIER = "com.putnamGizmo.wheeler.M-O-BLE";
				PRODUCT_NAME = "$(TARGET_NAME)";
				SWIFT_VERSION = 5.0;
				TARGETED_DEVICE_FAMILY = "1,2";
			};
			name = Debug;
		};
		0DC5DE072474CD22002F8696 /* Release */ = {
			isa = XCBuildConfiguration;
			buildSettings = {
				ASSETCATALOG_COMPILER_APPICON_NAME = AppIcon;
				CODE_SIGN_STYLE = Automatic;
				DEVELOPMENT_TEAM = ZZP6JRWYG4;
				INFOPLIST_FILE = "M-O BLE/Info.plist";
				LD_RUNPATH_SEARCH_PATHS = (
					"$(inherited)",
					"@executable_path/Frameworks",
				);
				PRODUCT_BUNDLE_IDENTIFIER = "com.putnamGizmo.wheeler.M-O-BLE";
				PRODUCT_NAME = "$(TARGET_NAME)";
				SWIFT_VERSION = 5.0;
				TARGETED_DEVICE_FAMILY = "1,2";
			};
			name = Release;
		};
/* End XCBuildConfiguration section */

/* Begin XCConfigurationList section */
		0DC5DDEC2474CD21002F8696 /* Build configuration list for PBXProject "M-O BLE" */ = {
			isa = XCConfigurationList;
			buildConfigurations = (
				0DC5DE032474CD22002F8696 /* Debug */,
				0DC5DE042474CD22002F8696 /* Release */,
			);
			defaultConfigurationIsVisible = 0;
			defaultConfigurationName = Release;
		};
		0DC5DE052474CD22002F8696 /* Build configuration list for PBXNativeTarget "M-O BLE" */ = {
			isa = XCConfigurationList;
			buildConfigurations = (
				0DC5DE062474CD22002F8696 /* Debug */,
				0DC5DE072474CD22002F8696 /* Release */,
			);
			defaultConfigurationIsVisible = 0;
			defaultConfigurationName = Release;
		};
/* End XCConfigurationList section */
	};
	rootObject = 0DC5DDE92474CD21002F8696 /* Project object */;
}
